
Microsoft Visual Studio Solution File, Format Version 12.00
# Visual Studio Version 16
VisualStudioVersion = 16.0.31624.102
MinimumVisualStudioVersion = 10.0.40219.1
Project("{9A19103F-16F7-4668-BE54-9A1E7A4F7556}") = "Pierwszy projekt", "Pierwszy projekt\Pierwszy projekt.csproj", "{300C4613-A5E2-49CA-961B-2F3B6BF62E1D}"
EndProject
Project("{FAE04EC0-301F-11D3-BF4B-00C04F79EFBC}") = "Drugi projekt", "Drugi projekt\Drugi projekt.csproj", "{07E0FFC5-AF2C-427F-A54E-8696B7E6DB41}"
EndProject
Project("{FAE04EC0-301F-11D3-BF4B-00C04F79EFBC}") = "Trzeci projekt", "Trzeci projekt\Trzeci projekt.csproj", "{3CC01227-E44F-4E6C-B16A-999E64FB05D3}"
EndProject
Project("{FAE04EC0-301F-11D3-BF4B-00C04F79EFBC}") = "Czwarty projekt", "Czwarty projekt\Czwarty projekt.csproj", "{1AA18DBF-80C9-4D5F-820C-2676CE5A3F72}"
EndProject
Project("{FAE04EC0-301F-11D3-BF4B-00C04F79EFBC}") = "Interfejsy", "Interfejsy\Interfejsy.csproj", "{8FC0E7E5-F3DE-4A7F-B787-4F1F8CBE7E56}"
EndProject
Project("{FAE04EC0-301F-11D3-BF4B-00C04F79EFBC}") = "Delegaty", "Delegaty\Delegaty.csproj", "{DB1AD92B-3FC4-4B94-8545-7DCAE5FA079E}"
EndProject
Project("{FAE04EC0-301F-11D3-BF4B-00C04F79EFBC}") = "Bank", "Bank\Bank.csproj", "{B1FA40E6-8C9B-4304-84AB-0DD2701E7689}"
EndProject
Project("{2150E333-8FDC-42A3-9474-1A3956D46DE8}") = "Program bankowy", "Program bankowy", "{AB1F0368-EBD0-4882-A833-53328AF97BEC}"
EndProject
Project("{FAE04EC0-301F-11D3-BF4B-00C04F79EFBC}") = "AplikacjaKlienta", "AplikacjaKlienta\AplikacjaKlienta.csproj", "{A3D5B8AE-04FB-4DF3-93C4-EEE068EE9025}"
EndProject
Project("{2150E333-8FDC-42A3-9474-1A3956D46DE8}") = "Aplikacja klienta", "Aplikacja klienta", "{62B7114E-1FF0-43C9-B8AE-31F93F75FFE1}"
EndProject
Project("{2150E333-8FDC-42A3-9474-1A3956D46DE8}") = "Model", "Model", "{CC0F8008-AFF7-4358-8BF7-9DC6BB7558B5}"
EndProject
Project("{2150E333-8FDC-42A3-9474-1A3956D46DE8}") = "Aplikacja serwera", "Aplikacja serwera", "{93803A00-94EE-482E-81C5-17C7B9504D70}"
EndProject
Project("{2150E333-8FDC-42A3-9474-1A3956D46DE8}") = "Kanał klienta", "Kanał klienta", "{A7FEFEAD-7845-4644-93B5-4EADA7EC6440}"
EndProject
Project("{2150E333-8FDC-42A3-9474-1A3956D46DE8}") = "Kanał serwera", "Kanał serwera", "{2BB05EE6-B8FC-4B5E-AB01-EF9AD6F74031}"
EndProject
Project("{FAE04EC0-301F-11D3-BF4B-00C04F79EFBC}") = "ServerConnection", "ServerConnection\ServerConnection.csproj", "{E7EB8896-21AE-4D58-9721-24FCCB34BB71}"
EndProject
Project("{FAE04EC0-301F-11D3-BF4B-00C04F79EFBC}") = "ClientConnection", "ClientConnection\ClientConnection.csproj", "{213E471D-AD24-44BB-B590-B38566D770F5}"
EndProject
Project("{FAE04EC0-301F-11D3-BF4B-00C04F79EFBC}") = "Model", "Model\Model.csproj", "{8257C2D5-917E-495D-B4BC-A327D70F2C64}"
EndProject
Project("{FAE04EC0-301F-11D3-BF4B-00C04F79EFBC}") = "Ułamki", "Ułamki\Ułamki.csproj", "{D6140C61-EC7A-4B9D-AC37-2E83BEA75E5B}"
EndProject
Project("{FAE04EC0-301F-11D3-BF4B-00C04F79EFBC}") = "Kolekcje", "Kolekcje\Kolekcje.csproj", "{4E7BA245-ECF9-453F-972D-588D93083690}"
EndProject
Project("{FAE04EC0-301F-11D3-BF4B-00C04F79EFBC}") = "Statyczność", "Statyczność\Statyczność.csproj", "{A522CE1F-C17E-4AE8-9CC8-6F6660F5F3AF}"
EndProject
Project("{FAE04EC0-301F-11D3-BF4B-00C04F79EFBC}") = "Wartości puste", "Wartości puste\Wartości puste.csproj", "{761E5FD4-B0EE-4B59-AC8E-0DD56BE50F35}"
EndProject
Project("{FAE04EC0-301F-11D3-BF4B-00C04F79EFBC}") = "Oporniki", "Oporniki\Oporniki.csproj", "{E86AB49F-63A6-439F-A23D-DBB15CECF9B9}"
EndProject
Project("{FAE04EC0-301F-11D3-BF4B-00C04F79EFBC}") = "Obsługa błedów", "Obsługa błedów\Obsługa błedów.csproj", "{4D9121C7-34BA-4517-B330-0299A7937262}"
EndProject
Project("{2150E333-8FDC-42A3-9474-1A3956D46DE8}") = "Konsola", "Konsola", "{A91D1C5F-C6DF-4EA0-BC2A-C7663A17FFA0}"
EndProject
Project("{2150E333-8FDC-42A3-9474-1A3956D46DE8}") = "WinForms", "WinForms", "{7A4ACE6A-CF20-4E31-BFB6-750B0060F747}"
EndProject
Project("{FAE04EC0-301F-11D3-BF4B-00C04F79EFBC}") = "Pierwsze okienka", "Pierwsze okienka\Pierwsze okienka.csproj", "{5E3FD558-2BC3-4A60-80AA-99C8694D3B86}"
EndProject
Project("{FAE04EC0-301F-11D3-BF4B-00C04F79EFBC}") = "Notatnik", "Notatnik\Notatnik.csproj", "{0871491C-67A3-4DAD-9E07-8B7B198D529E}"
EndProject
Project("{2150E333-8FDC-42A3-9474-1A3956D46DE8}") = "Projekt Quiz", "Projekt Quiz", "{D88E5C85-2078-4B83-B1F8-683EB2877D75}"
EndProject
Project("{2150E333-8FDC-42A3-9474-1A3956D46DE8}") = "Entuty framework test", "Entuty framework test", "{3983F9F2-1D35-4B50-8883-C75457579B1C}"
EndProject
Project("{9A19103F-16F7-4668-BE54-9A1E7A4F7556}") = "Test bazy danych", "Test bazy danych\Test bazy danych.csproj", "{99E62DDF-49B3-46CD-8A36-55EA781F6E9A}"
EndProject
Project("{9A19103F-16F7-4668-BE54-9A1E7A4F7556}") = "Polimorfizm", "Polimorfizm\Polimorfizm.csproj", "{77ED6BAD-E977-4D25-A917-7CD76CBD4B10}"
EndProject
Project("{9A19103F-16F7-4668-BE54-9A1E7A4F7556}") = "AplikacjaPesel", "AplikacjaPesel\AplikacjaPesel.csproj", "{49EC98B8-E84A-4A14-91A6-16A403978F8C}"
EndProject
Project("{9A19103F-16F7-4668-BE54-9A1E7A4F7556}") = "Baza danych - wzorzec", "Baza danych - wzorzec\Baza danych - wzorzec.csproj", "{D9EEA0FD-CA1F-439F-B70B-5007D1BB4D2E}"
EndProject
Project("{9A19103F-16F7-4668-BE54-9A1E7A4F7556}") = "Baza danych", "Baza danych\Baza danych.csproj", "{52B1D8A0-7BA7-4477-8C72-B13B3A1A4282}"
EndProject
Project("{9A19103F-16F7-4668-BE54-9A1E7A4F7556}") = "Quiz", "Quiz\Quiz.csproj", "{E0A11A67-0099-4CF9-AAA6-3CB9618938E2}"
EndProject
Project("{FAE04EC0-301F-11D3-BF4B-00C04F79EFBC}") = "Terminarz siłownia", "Terminarz siłownia\Terminarz siłownia.csproj", "{222C73B5-162D-4118-915A-8CF746F97796}"
EndProject
Global
	GlobalSection(SolutionConfigurationPlatforms) = preSolution
		Debug|Any CPU = Debug|Any CPU
		Release|Any CPU = Release|Any CPU
	EndGlobalSection
	GlobalSection(ProjectConfigurationPlatforms) = postSolution
		{300C4613-A5E2-49CA-961B-2F3B6BF62E1D}.Debug|Any CPU.ActiveCfg = Debug|Any CPU
		{300C4613-A5E2-49CA-961B-2F3B6BF62E1D}.Debug|Any CPU.Build.0 = Debug|Any CPU
		{300C4613-A5E2-49CA-961B-2F3B6BF62E1D}.Release|Any CPU.ActiveCfg = Release|Any CPU
		{300C4613-A5E2-49CA-961B-2F3B6BF62E1D}.Release|Any CPU.Build.0 = Release|Any CPU
		{07E0FFC5-AF2C-427F-A54E-8696B7E6DB41}.Debug|Any CPU.ActiveCfg = Debug|Any CPU
		{07E0FFC5-AF2C-427F-A54E-8696B7E6DB41}.Debug|Any CPU.Build.0 = Debug|Any CPU
		{07E0FFC5-AF2C-427F-A54E-8696B7E6DB41}.Release|Any CPU.ActiveCfg = Release|Any CPU
		{07E0FFC5-AF2C-427F-A54E-8696B7E6DB41}.Release|Any CPU.Build.0 = Release|Any CPU
		{3CC01227-E44F-4E6C-B16A-999E64FB05D3}.Debug|Any CPU.ActiveCfg = Debug|Any CPU
		{3CC01227-E44F-4E6C-B16A-999E64FB05D3}.Debug|Any CPU.Build.0 = Debug|Any CPU
		{3CC01227-E44F-4E6C-B16A-999E64FB05D3}.Release|Any CPU.ActiveCfg = Release|Any CPU
		{3CC01227-E44F-4E6C-B16A-999E64FB05D3}.Release|Any CPU.Build.0 = Release|Any CPU
		{1AA18DBF-80C9-4D5F-820C-2676CE5A3F72}.Debug|Any CPU.ActiveCfg = Debug|Any CPU
		{1AA18DBF-80C9-4D5F-820C-2676CE5A3F72}.Debug|Any CPU.Build.0 = Debug|Any CPU
		{1AA18DBF-80C9-4D5F-820C-2676CE5A3F72}.Release|Any CPU.ActiveCfg = Release|Any CPU
		{1AA18DBF-80C9-4D5F-820C-2676CE5A3F72}.Release|Any CPU.Build.0 = Release|Any CPU
		{8FC0E7E5-F3DE-4A7F-B787-4F1F8CBE7E56}.Debug|Any CPU.ActiveCfg = Debug|Any CPU
		{8FC0E7E5-F3DE-4A7F-B787-4F1F8CBE7E56}.Debug|Any CPU.Build.0 = Debug|Any CPU
		{8FC0E7E5-F3DE-4A7F-B787-4F1F8CBE7E56}.Release|Any CPU.ActiveCfg = Release|Any CPU
		{8FC0E7E5-F3DE-4A7F-B787-4F1F8CBE7E56}.Release|Any CPU.Build.0 = Release|Any CPU
		{DB1AD92B-3FC4-4B94-8545-7DCAE5FA079E}.Debug|Any CPU.ActiveCfg = Debug|Any CPU
		{DB1AD92B-3FC4-4B94-8545-7DCAE5FA079E}.Debug|Any CPU.Build.0 = Debug|Any CPU
		{DB1AD92B-3FC4-4B94-8545-7DCAE5FA079E}.Release|Any CPU.ActiveCfg = Release|Any CPU
		{DB1AD92B-3FC4-4B94-8545-7DCAE5FA079E}.Release|Any CPU.Build.0 = Release|Any CPU
		{B1FA40E6-8C9B-4304-84AB-0DD2701E7689}.Debug|Any CPU.ActiveCfg = Debug|Any CPU
		{B1FA40E6-8C9B-4304-84AB-0DD2701E7689}.Debug|Any CPU.Build.0 = Debug|Any CPU
		{B1FA40E6-8C9B-4304-84AB-0DD2701E7689}.Release|Any CPU.ActiveCfg = Release|Any CPU
		{B1FA40E6-8C9B-4304-84AB-0DD2701E7689}.Release|Any CPU.Build.0 = Release|Any CPU
		{A3D5B8AE-04FB-4DF3-93C4-EEE068EE9025}.Debug|Any CPU.ActiveCfg = Debug|Any CPU
		{A3D5B8AE-04FB-4DF3-93C4-EEE068EE9025}.Debug|Any CPU.Build.0 = Debug|Any CPU
		{A3D5B8AE-04FB-4DF3-93C4-EEE068EE9025}.Release|Any CPU.ActiveCfg = Release|Any CPU
		{A3D5B8AE-04FB-4DF3-93C4-EEE068EE9025}.Release|Any CPU.Build.0 = Release|Any CPU
		{E7EB8896-21AE-4D58-9721-24FCCB34BB71}.Debug|Any CPU.ActiveCfg = Debug|Any CPU
		{E7EB8896-21AE-4D58-9721-24FCCB34BB71}.Debug|Any CPU.Build.0 = Debug|Any CPU
		{E7EB8896-21AE-4D58-9721-24FCCB34BB71}.Release|Any CPU.ActiveCfg = Release|Any CPU
		{E7EB8896-21AE-4D58-9721-24FCCB34BB71}.Release|Any CPU.Build.0 = Release|Any CPU
		{213E471D-AD24-44BB-B590-B38566D770F5}.Debug|Any CPU.ActiveCfg = Debug|Any CPU
		{213E471D-AD24-44BB-B590-B38566D770F5}.Debug|Any CPU.Build.0 = Debug|Any CPU
		{213E471D-AD24-44BB-B590-B38566D770F5}.Release|Any CPU.ActiveCfg = Release|Any CPU
		{213E471D-AD24-44BB-B590-B38566D770F5}.Release|Any CPU.Build.0 = Release|Any CPU
		{8257C2D5-917E-495D-B4BC-A327D70F2C64}.Debug|Any CPU.ActiveCfg = Debug|Any CPU
		{8257C2D5-917E-495D-B4BC-A327D70F2C64}.Debug|Any CPU.Build.0 = Debug|Any CPU
		{8257C2D5-917E-495D-B4BC-A327D70F2C64}.Release|Any CPU.ActiveCfg = Release|Any CPU
		{8257C2D5-917E-495D-B4BC-A327D70F2C64}.Release|Any CPU.Build.0 = Release|Any CPU
		{D6140C61-EC7A-4B9D-AC37-2E83BEA75E5B}.Debug|Any CPU.ActiveCfg = Debug|Any CPU
		{D6140C61-EC7A-4B9D-AC37-2E83BEA75E5B}.Debug|Any CPU.Build.0 = Debug|Any CPU
		{D6140C61-EC7A-4B9D-AC37-2E83BEA75E5B}.Release|Any CPU.ActiveCfg = Release|Any CPU
		{D6140C61-EC7A-4B9D-AC37-2E83BEA75E5B}.Release|Any CPU.Build.0 = Release|Any CPU
		{4E7BA245-ECF9-453F-972D-588D93083690}.Debug|Any CPU.ActiveCfg = Debug|Any CPU
		{4E7BA245-ECF9-453F-972D-588D93083690}.Debug|Any CPU.Build.0 = Debug|Any CPU
		{4E7BA245-ECF9-453F-972D-588D93083690}.Release|Any CPU.ActiveCfg = Release|Any CPU
		{4E7BA245-ECF9-453F-972D-588D93083690}.Release|Any CPU.Build.0 = Release|Any CPU
		{A522CE1F-C17E-4AE8-9CC8-6F6660F5F3AF}.Debug|Any CPU.ActiveCfg = Debug|Any CPU
		{A522CE1F-C17E-4AE8-9CC8-6F6660F5F3AF}.Debug|Any CPU.Build.0 = Debug|Any CPU
		{A522CE1F-C17E-4AE8-9CC8-6F6660F5F3AF}.Release|Any CPU.ActiveCfg = Release|Any CPU
		{A522CE1F-C17E-4AE8-9CC8-6F6660F5F3AF}.Release|Any CPU.Build.0 = Release|Any CPU
		{761E5FD4-B0EE-4B59-AC8E-0DD56BE50F35}.Debug|Any CPU.ActiveCfg = Debug|Any CPU
		{761E5FD4-B0EE-4B59-AC8E-0DD56BE50F35}.Debug|Any CPU.Build.0 = Debug|Any CPU
		{761E5FD4-B0EE-4B59-AC8E-0DD56BE50F35}.Release|Any CPU.ActiveCfg = Release|Any CPU
		{761E5FD4-B0EE-4B59-AC8E-0DD56BE50F35}.Release|Any CPU.Build.0 = Release|Any CPU
		{E86AB49F-63A6-439F-A23D-DBB15CECF9B9}.Debug|Any CPU.ActiveCfg = Debug|Any CPU
		{E86AB49F-63A6-439F-A23D-DBB15CECF9B9}.Debug|Any CPU.Build.0 = Debug|Any CPU
		{E86AB49F-63A6-439F-A23D-DBB15CECF9B9}.Release|Any CPU.ActiveCfg = Release|Any CPU
		{E86AB49F-63A6-439F-A23D-DBB15CECF9B9}.Release|Any CPU.Build.0 = Release|Any CPU
		{4D9121C7-34BA-4517-B330-0299A7937262}.Debug|Any CPU.ActiveCfg = Debug|Any CPU
		{4D9121C7-34BA-4517-B330-0299A7937262}.Debug|Any CPU.Build.0 = Debug|Any CPU
		{4D9121C7-34BA-4517-B330-0299A7937262}.Release|Any CPU.ActiveCfg = Release|Any CPU
		{4D9121C7-34BA-4517-B330-0299A7937262}.Release|Any CPU.Build.0 = Release|Any CPU
		{5E3FD558-2BC3-4A60-80AA-99C8694D3B86}.Debug|Any CPU.ActiveCfg = Debug|Any CPU
		{5E3FD558-2BC3-4A60-80AA-99C8694D3B86}.Debug|Any CPU.Build.0 = Debug|Any CPU
		{5E3FD558-2BC3-4A60-80AA-99C8694D3B86}.Release|Any CPU.ActiveCfg = Release|Any CPU
		{5E3FD558-2BC3-4A60-80AA-99C8694D3B86}.Release|Any CPU.Build.0 = Release|Any CPU
		{0871491C-67A3-4DAD-9E07-8B7B198D529E}.Debug|Any CPU.ActiveCfg = Debug|Any CPU
		{0871491C-67A3-4DAD-9E07-8B7B198D529E}.Debug|Any CPU.Build.0 = Debug|Any CPU
		{0871491C-67A3-4DAD-9E07-8B7B198D529E}.Release|Any CPU.ActiveCfg = Release|Any CPU
		{0871491C-67A3-4DAD-9E07-8B7B198D529E}.Release|Any CPU.Build.0 = Release|Any CPU
		{99E62DDF-49B3-46CD-8A36-55EA781F6E9A}.Debug|Any CPU.ActiveCfg = Debug|Any CPU
		{99E62DDF-49B3-46CD-8A36-55EA781F6E9A}.Debug|Any CPU.Build.0 = Debug|Any CPU
		{99E62DDF-49B3-46CD-8A36-55EA781F6E9A}.Release|Any CPU.ActiveCfg = Release|Any CPU
		{99E62DDF-49B3-46CD-8A36-55EA781F6E9A}.Release|Any CPU.Build.0 = Release|Any CPU
		{77ED6BAD-E977-4D25-A917-7CD76CBD4B10}.Debug|Any CPU.ActiveCfg = Debug|Any CPU
		{77ED6BAD-E977-4D25-A917-7CD76CBD4B10}.Debug|Any CPU.Build.0 = Debug|Any CPU
		{77ED6BAD-E977-4D25-A917-7CD76CBD4B10}.Release|Any CPU.ActiveCfg = Release|Any CPU
		{77ED6BAD-E977-4D25-A917-7CD76CBD4B10}.Release|Any CPU.Build.0 = Release|Any CPU
		{49EC98B8-E84A-4A14-91A6-16A403978F8C}.Debug|Any CPU.ActiveCfg = Debug|Any CPU
		{49EC98B8-E84A-4A14-91A6-16A403978F8C}.Debug|Any CPU.Build.0 = Debug|Any CPU
		{49EC98B8-E84A-4A14-91A6-16A403978F8C}.Release|Any CPU.ActiveCfg = Release|Any CPU
		{49EC98B8-E84A-4A14-91A6-16A403978F8C}.Release|Any CPU.Build.0 = Release|Any CPU
		{D9EEA0FD-CA1F-439F-B70B-5007D1BB4D2E}.Debug|Any CPU.ActiveCfg = Debug|Any CPU
		{D9EEA0FD-CA1F-439F-B70B-5007D1BB4D2E}.Debug|Any CPU.Build.0 = Debug|Any CPU
		{D9EEA0FD-CA1F-439F-B70B-5007D1BB4D2E}.Release|Any CPU.ActiveCfg = Release|Any CPU
		{D9EEA0FD-CA1F-439F-B70B-5007D1BB4D2E}.Release|Any CPU.Build.0 = Release|Any CPU
		{52B1D8A0-7BA7-4477-8C72-B13B3A1A4282}.Debug|Any CPU.ActiveCfg = Debug|Any CPU
		{52B1D8A0-7BA7-4477-8C72-B13B3A1A4282}.Debug|Any CPU.Build.0 = Debug|Any CPU
		{52B1D8A0-7BA7-4477-8C72-B13B3A1A4282}.Release|Any CPU.ActiveCfg = Release|Any CPU
		{52B1D8A0-7BA7-4477-8C72-B13B3A1A4282}.Release|Any CPU.Build.0 = Release|Any CPU
		{E0A11A67-0099-4CF9-AAA6-3CB9618938E2}.Debug|Any CPU.ActiveCfg = Debug|Any CPU
		{E0A11A67-0099-4CF9-AAA6-3CB9618938E2}.Debug|Any CPU.Build.0 = Debug|Any CPU
		{E0A11A67-0099-4CF9-AAA6-3CB9618938E2}.Release|Any CPU.ActiveCfg = Release|Any CPU
		{E0A11A67-0099-4CF9-AAA6-3CB9618938E2}.Release|Any CPU.Build.0 = Release|Any CPU
		{222C73B5-162D-4118-915A-8CF746F97796}.Debug|Any CPU.ActiveCfg = Debug|Any CPU
		{222C73B5-162D-4118-915A-8CF746F97796}.Debug|Any CPU.Build.0 = Debug|Any CPU
		{222C73B5-162D-4118-915A-8CF746F97796}.Release|Any CPU.ActiveCfg = Release|Any CPU
		{222C73B5-162D-4118-915A-8CF746F97796}.Release|Any CPU.Build.0 = Release|Any CPU
	EndGlobalSection
	GlobalSection(SolutionProperties) = preSolution
		HideSolutionNode = FALSE
	EndGlobalSection
	GlobalSection(NestedProjects) = preSolution
		{300C4613-A5E2-49CA-961B-2F3B6BF62E1D} = {A91D1C5F-C6DF-4EA0-BC2A-C7663A17FFA0}
		{07E0FFC5-AF2C-427F-A54E-8696B7E6DB41} = {A91D1C5F-C6DF-4EA0-BC2A-C7663A17FFA0}
		{3CC01227-E44F-4E6C-B16A-999E64FB05D3} = {A91D1C5F-C6DF-4EA0-BC2A-C7663A17FFA0}
		{1AA18DBF-80C9-4D5F-820C-2676CE5A3F72} = {A91D1C5F-C6DF-4EA0-BC2A-C7663A17FFA0}
		{8FC0E7E5-F3DE-4A7F-B787-4F1F8CBE7E56} = {A91D1C5F-C6DF-4EA0-BC2A-C7663A17FFA0}
		{DB1AD92B-3FC4-4B94-8545-7DCAE5FA079E} = {A91D1C5F-C6DF-4EA0-BC2A-C7663A17FFA0}
		{B1FA40E6-8C9B-4304-84AB-0DD2701E7689} = {93803A00-94EE-482E-81C5-17C7B9504D70}
		{AB1F0368-EBD0-4882-A833-53328AF97BEC} = {A91D1C5F-C6DF-4EA0-BC2A-C7663A17FFA0}
		{A3D5B8AE-04FB-4DF3-93C4-EEE068EE9025} = {62B7114E-1FF0-43C9-B8AE-31F93F75FFE1}
		{62B7114E-1FF0-43C9-B8AE-31F93F75FFE1} = {AB1F0368-EBD0-4882-A833-53328AF97BEC}
		{CC0F8008-AFF7-4358-8BF7-9DC6BB7558B5} = {AB1F0368-EBD0-4882-A833-53328AF97BEC}
		{93803A00-94EE-482E-81C5-17C7B9504D70} = {AB1F0368-EBD0-4882-A833-53328AF97BEC}
		{A7FEFEAD-7845-4644-93B5-4EADA7EC6440} = {62B7114E-1FF0-43C9-B8AE-31F93F75FFE1}
		{2BB05EE6-B8FC-4B5E-AB01-EF9AD6F74031} = {93803A00-94EE-482E-81C5-17C7B9504D70}
		{E7EB8896-21AE-4D58-9721-24FCCB34BB71} = {2BB05EE6-B8FC-4B5E-AB01-EF9AD6F74031}
		{213E471D-AD24-44BB-B590-B38566D770F5} = {A7FEFEAD-7845-4644-93B5-4EADA7EC6440}
		{8257C2D5-917E-495D-B4BC-A327D70F2C64} = {CC0F8008-AFF7-4358-8BF7-9DC6BB7558B5}
		{D6140C61-EC7A-4B9D-AC37-2E83BEA75E5B} = {A91D1C5F-C6DF-4EA0-BC2A-C7663A17FFA0}
		{4E7BA245-ECF9-453F-972D-588D93083690} = {A91D1C5F-C6DF-4EA0-BC2A-C7663A17FFA0}
		{A522CE1F-C17E-4AE8-9CC8-6F6660F5F3AF} = {A91D1C5F-C6DF-4EA0-BC2A-C7663A17FFA0}
		{761E5FD4-B0EE-4B59-AC8E-0DD56BE50F35} = {A91D1C5F-C6DF-4EA0-BC2A-C7663A17FFA0}
		{E86AB49F-63A6-439F-A23D-DBB15CECF9B9} = {A91D1C5F-C6DF-4EA0-BC2A-C7663A17FFA0}
		{4D9121C7-34BA-4517-B330-0299A7937262} = {A91D1C5F-C6DF-4EA0-BC2A-C7663A17FFA0}
		{5E3FD558-2BC3-4A60-80AA-99C8694D3B86} = {7A4ACE6A-CF20-4E31-BFB6-750B0060F747}
		{0871491C-67A3-4DAD-9E07-8B7B198D529E} = {7A4ACE6A-CF20-4E31-BFB6-750B0060F747}
		{D88E5C85-2078-4B83-B1F8-683EB2877D75} = {7A4ACE6A-CF20-4E31-BFB6-750B0060F747}
		{99E62DDF-49B3-46CD-8A36-55EA781F6E9A} = {3983F9F2-1D35-4B50-8883-C75457579B1C}
		{77ED6BAD-E977-4D25-A917-7CD76CBD4B10} = {A91D1C5F-C6DF-4EA0-BC2A-C7663A17FFA0}
		{49EC98B8-E84A-4A14-91A6-16A403978F8C} = {7A4ACE6A-CF20-4E31-BFB6-750B0060F747}
		{D9EEA0FD-CA1F-439F-B70B-5007D1BB4D2E} = {7A4ACE6A-CF20-4E31-BFB6-750B0060F747}
		{52B1D8A0-7BA7-4477-8C72-B13B3A1A4282} = {D88E5C85-2078-4B83-B1F8-683EB2877D75}
		{E0A11A67-0099-4CF9-AAA6-3CB9618938E2} = {D88E5C85-2078-4B83-B1F8-683EB2877D75}
		{222C73B5-162D-4118-915A-8CF746F97796} = {7A4ACE6A-CF20-4E31-BFB6-750B0060F747}
	EndGlobalSection
	GlobalSection(ExtensibilityGlobals) = postSolution
		SolutionGuid = {2DC62348-C442-45A0-B442-3212B816E6DF}
	EndGlobalSection
EndGlobal
